// !$*UTF8*$!
{
	archiveVersion = 1;
	classes = {
	};
	objectVersion = 56;
	objects = {

/* Begin PBXBuildFile section */
		3C45A5182C10605200F3A020 /* Hanmaum_1to1App.swift in Sources */ = {isa = PBXBuildFile; fileRef = 3C45A5172C10605200F3A020 /* Hanmaum_1to1App.swift */; };
		3C45A51C2C10605400F3A020 /* Assets.xcassets in Resources */ = {isa = PBXBuildFile; fileRef = 3C45A51B2C10605400F3A020 /* Assets.xcassets */; };
		3C45A51F2C10605400F3A020 /* Preview Assets.xcassets in Resources */ = {isa = PBXBuildFile; fileRef = 3C45A51E2C10605400F3A020 /* Preview Assets.xcassets */; };
		3C45A52B2C10665700F3A020 /* User.swift in Sources */ = {isa = PBXBuildFile; fileRef = 3C45A52A2C10665700F3A020 /* User.swift */; };
		3C45A52D2C106A8800F3A020 /* MainView.swift in Sources */ = {isa = PBXBuildFile; fileRef = 3C45A52C2C106A8800F3A020 /* MainView.swift */; };
		3C45A52F2C106AB400F3A020 /* LoginView.swift in Sources */ = {isa = PBXBuildFile; fileRef = 3C45A52E2C106AB400F3A020 /* LoginView.swift */; };
		3C45A5312C106AD200F3A020 /* HomeView.swift in Sources */ = {isa = PBXBuildFile; fileRef = 3C45A5302C106AD200F3A020 /* HomeView.swift */; };
		3C45A5332C106B4900F3A020 /* ProfileView.swift in Sources */ = {isa = PBXBuildFile; fileRef = 3C45A5322C106B4900F3A020 /* ProfileView.swift */; };
		3C45A5352C106B6000F3A020 /* VerseView.swift in Sources */ = {isa = PBXBuildFile; fileRef = 3C45A5342C106B6000F3A020 /* VerseView.swift */; };
		3C45A5372C106BAF00F3A020 /* CompanionView.swift in Sources */ = {isa = PBXBuildFile; fileRef = 3C45A5362C106BAF00F3A020 /* CompanionView.swift */; };
		3C45A5392C106BEA00F3A020 /* YangyukView.swift in Sources */ = {isa = PBXBuildFile; fileRef = 3C45A5382C106BEA00F3A020 /* YangyukView.swift */; };
		3C45A53B2C106E5600F3A020 /* KeyView.swift in Sources */ = {isa = PBXBuildFile; fileRef = 3C45A53A2C106E5600F3A020 /* KeyView.swift */; };
		3C45A53D2C10700100F3A020 /* MainViewViewModel.swift in Sources */ = {isa = PBXBuildFile; fileRef = 3C45A53C2C10700100F3A020 /* MainViewViewModel.swift */; };
		3C45A53F2C10706300F3A020 /* LoginViewViewModel.swift in Sources */ = {isa = PBXBuildFile; fileRef = 3C45A53E2C10706300F3A020 /* LoginViewViewModel.swift */; };
		3C45A5412C10707500F3A020 /* ProfileViewViewModel.swift in Sources */ = {isa = PBXBuildFile; fileRef = 3C45A5402C10707400F3A020 /* ProfileViewViewModel.swift */; };
		3C45A5432C10741000F3A020 /* CustomButtonView.swift in Sources */ = {isa = PBXBuildFile; fileRef = 3C45A5422C10741000F3A020 /* CustomButtonView.swift */; };
		3C45A5452C107BDF00F3A020 /* CustomImageView.swift in Sources */ = {isa = PBXBuildFile; fileRef = 3C45A5442C107BDF00F3A020 /* CustomImageView.swift */; };
		3C45A5472C1082E100F3A020 /* KeyViewViewModel.swift in Sources */ = {isa = PBXBuildFile; fileRef = 3C45A5462C1082E100F3A020 /* KeyViewViewModel.swift */; };
		3C45A54B2C1087AA00F3A020 /* CustomVerseView.swift in Sources */ = {isa = PBXBuildFile; fileRef = 3C45A54A2C1087AA00F3A020 /* CustomVerseView.swift */; };
		3C4E9E1A2C15D8C600957D37 /* Belong.swift in Sources */ = {isa = PBXBuildFile; fileRef = 3C4E9E192C15D8C600957D37 /* Belong.swift */; };
		3CBE08022C1C95780065F3A7 /* UserListView.swift in Sources */ = {isa = PBXBuildFile; fileRef = 3CBE08012C1C95780065F3A7 /* UserListView.swift */; };
		3CBE08042C1C96140065F3A7 /* UserDetailView.swift in Sources */ = {isa = PBXBuildFile; fileRef = 3CBE08032C1C96140065F3A7 /* UserDetailView.swift */; };
		3CBE08062C1C97C70065F3A7 /* Playlist.swift in Sources */ = {isa = PBXBuildFile; fileRef = 3CBE08052C1C97C70065F3A7 /* Playlist.swift */; };
		3CBE08082C1C99CF0065F3A7 /* UserTableView.swift in Sources */ = {isa = PBXBuildFile; fileRef = 3CBE08072C1C99CF0065F3A7 /* UserTableView.swift */; };
		3CBE080A2C1C9B590065F3A7 /* UserCard.swift in Sources */ = {isa = PBXBuildFile; fileRef = 3CBE08092C1C9B590065F3A7 /* UserCard.swift */; };
/* End PBXBuildFile section */

/* Begin PBXFileReference section */
		3C45A5142C10605200F3A020 /* Hanmaum_1to1.app */ = {isa = PBXFileReference; explicitFileType = wrapper.application; includeInIndex = 0; path = Hanmaum_1to1.app; sourceTree = BUILT_PRODUCTS_DIR; };
		3C45A5172C10605200F3A020 /* Hanmaum_1to1App.swift */ = {isa = PBXFileReference; lastKnownFileType = sourcecode.swift; path = Hanmaum_1to1App.swift; sourceTree = "<group>"; };
		3C45A51B2C10605400F3A020 /* Assets.xcassets */ = {isa = PBXFileReference; lastKnownFileType = folder.assetcatalog; path = Assets.xcassets; sourceTree = "<group>"; };
		3C45A51E2C10605400F3A020 /* Preview Assets.xcassets */ = {isa = PBXFileReference; lastKnownFileType = folder.assetcatalog; path = "Preview Assets.xcassets"; sourceTree = "<group>"; };
		3C45A52A2C10665700F3A020 /* User.swift */ = {isa = PBXFileReference; lastKnownFileType = sourcecode.swift; path = User.swift; sourceTree = "<group>"; };
		3C45A52C2C106A8800F3A020 /* MainView.swift */ = {isa = PBXFileReference; lastKnownFileType = sourcecode.swift; path = MainView.swift; sourceTree = "<group>"; };
		3C45A52E2C106AB400F3A020 /* LoginView.swift */ = {isa = PBXFileReference; lastKnownFileType = sourcecode.swift; path = LoginView.swift; sourceTree = "<group>"; };
		3C45A5302C106AD200F3A020 /* HomeView.swift */ = {isa = PBXFileReference; lastKnownFileType = sourcecode.swift; path = HomeView.swift; sourceTree = "<group>"; };
		3C45A5322C106B4900F3A020 /* ProfileView.swift */ = {isa = PBXFileReference; lastKnownFileType = sourcecode.swift; path = ProfileView.swift; sourceTree = "<group>"; };
		3C45A5342C106B6000F3A020 /* VerseView.swift */ = {isa = PBXFileReference; lastKnownFileType = sourcecode.swift; path = VerseView.swift; sourceTree = "<group>"; };
		3C45A5362C106BAF00F3A020 /* CompanionView.swift */ = {isa = PBXFileReference; lastKnownFileType = sourcecode.swift; path = CompanionView.swift; sourceTree = "<group>"; };
		3C45A5382C106BEA00F3A020 /* YangyukView.swift */ = {isa = PBXFileReference; lastKnownFileType = sourcecode.swift; path = YangyukView.swift; sourceTree = "<group>"; };
		3C45A53A2C106E5600F3A020 /* KeyView.swift */ = {isa = PBXFileReference; lastKnownFileType = sourcecode.swift; path = KeyView.swift; sourceTree = "<group>"; };
		3C45A53C2C10700100F3A020 /* MainViewViewModel.swift */ = {isa = PBXFileReference; lastKnownFileType = sourcecode.swift; path = MainViewViewModel.swift; sourceTree = "<group>"; };
		3C45A53E2C10706300F3A020 /* LoginViewViewModel.swift */ = {isa = PBXFileReference; lastKnownFileType = sourcecode.swift; path = LoginViewViewModel.swift; sourceTree = "<group>"; };
		3C45A5402C10707400F3A020 /* ProfileViewViewModel.swift */ = {isa = PBXFileReference; lastKnownFileType = sourcecode.swift; path = ProfileViewViewModel.swift; sourceTree = "<group>"; };
		3C45A5422C10741000F3A020 /* CustomButtonView.swift */ = {isa = PBXFileReference; lastKnownFileType = sourcecode.swift; path = CustomButtonView.swift; sourceTree = "<group>"; };
		3C45A5442C107BDF00F3A020 /* CustomImageView.swift */ = {isa = PBXFileReference; lastKnownFileType = sourcecode.swift; path = CustomImageView.swift; sourceTree = "<group>"; };
		3C45A5462C1082E100F3A020 /* KeyViewViewModel.swift */ = {isa = PBXFileReference; lastKnownFileType = sourcecode.swift; path = KeyViewViewModel.swift; sourceTree = "<group>"; };
		3C45A54A2C1087AA00F3A020 /* CustomVerseView.swift */ = {isa = PBXFileReference; lastKnownFileType = sourcecode.swift; path = CustomVerseView.swift; sourceTree = "<group>"; };
		3C4E9E192C15D8C600957D37 /* Belong.swift */ = {isa = PBXFileReference; lastKnownFileType = sourcecode.swift; path = Belong.swift; sourceTree = "<group>"; };
		3CBE08012C1C95780065F3A7 /* UserListView.swift */ = {isa = PBXFileReference; lastKnownFileType = sourcecode.swift; path = UserListView.swift; sourceTree = "<group>"; };
		3CBE08032C1C96140065F3A7 /* UserDetailView.swift */ = {isa = PBXFileReference; lastKnownFileType = sourcecode.swift; path = UserDetailView.swift; sourceTree = "<group>"; };
		3CBE08052C1C97C70065F3A7 /* Playlist.swift */ = {isa = PBXFileReference; lastKnownFileType = sourcecode.swift; path = Playlist.swift; sourceTree = "<group>"; };
		3CBE08072C1C99CF0065F3A7 /* UserTableView.swift */ = {isa = PBXFileReference; lastKnownFileType = sourcecode.swift; path = UserTableView.swift; sourceTree = "<group>"; };
		3CBE08092C1C9B590065F3A7 /* UserCard.swift */ = {isa = PBXFileReference; lastKnownFileType = sourcecode.swift; path = UserCard.swift; sourceTree = "<group>"; };
/* End PBXFileReference section */

/* Begin PBXFrameworksBuildPhase section */
		3C45A5112C10605200F3A020 /* Frameworks */ = {
			isa = PBXFrameworksBuildPhase;
			buildActionMask = 2147483647;
			files = (
			);
			runOnlyForDeploymentPostprocessing = 0;
		};
/* End PBXFrameworksBuildPhase section */

/* Begin PBXGroup section */
		3C45A50B2C10605200F3A020 = {
			isa = PBXGroup;
			children = (
				3C45A5162C10605200F3A020 /* Hanmaum_1to1 */,
				3C45A5152C10605200F3A020 /* Products */,
			);
			sourceTree = "<group>";
		};
		3C45A5152C10605200F3A020 /* Products */ = {
			isa = PBXGroup;
			children = (
				3C45A5142C10605200F3A020 /* Hanmaum_1to1.app */,
			);
			name = Products;
			sourceTree = "<group>";
		};
		3C45A5162C10605200F3A020 /* Hanmaum_1to1 */ = {
			isa = PBXGroup;
			children = (
				3C45A5252C10653900F3A020 /* Models */,
				3C45A5262C10659800F3A020 /* Controllers */,
				3C45A5282C1065D000F3A020 /* Views */,
				3C45A5272C1065C100F3A020 /* ViewModel */,
				3C45A5292C1065D900F3A020 /* Other */,
				3C45A51D2C10605400F3A020 /* Preview Content */,
			);
			path = Hanmaum_1to1;
			sourceTree = "<group>";
		};
		3C45A51D2C10605400F3A020 /* Preview Content */ = {
			isa = PBXGroup;
			children = (
				3C45A51E2C10605400F3A020 /* Preview Assets.xcassets */,
			);
			path = "Preview Content";
			sourceTree = "<group>";
		};
		3C45A5252C10653900F3A020 /* Models */ = {
			isa = PBXGroup;
			children = (
				3C45A52A2C10665700F3A020 /* User.swift */,
				3C4E9E192C15D8C600957D37 /* Belong.swift */,
				3CBE08052C1C97C70065F3A7 /* Playlist.swift */,
				3CBE08092C1C9B590065F3A7 /* UserCard.swift */,
			);
			path = Models;
			sourceTree = "<group>";
		};
		3C45A5262C10659800F3A020 /* Controllers */ = {
			isa = PBXGroup;
			children = (
				3C45A52C2C106A8800F3A020 /* MainView.swift */,
				3C45A52E2C106AB400F3A020 /* LoginView.swift */,
				3C45A5302C106AD200F3A020 /* HomeView.swift */,
				3C45A5322C106B4900F3A020 /* ProfileView.swift */,
				3C45A5342C106B6000F3A020 /* VerseView.swift */,
				3C45A5362C106BAF00F3A020 /* CompanionView.swift */,
				3C45A5382C106BEA00F3A020 /* YangyukView.swift */,
				3C45A53A2C106E5600F3A020 /* KeyView.swift */,
				3CBE08072C1C99CF0065F3A7 /* UserTableView.swift */,
			);
			path = Controllers;
			sourceTree = "<group>";
		};
		3C45A5272C1065C100F3A020 /* ViewModel */ = {
			isa = PBXGroup;
			children = (
				3C45A53C2C10700100F3A020 /* MainViewViewModel.swift */,
				3C45A53E2C10706300F3A020 /* LoginViewViewModel.swift */,
				3C45A5402C10707400F3A020 /* ProfileViewViewModel.swift */,
				3C45A5462C1082E100F3A020 /* KeyViewViewModel.swift */,
			);
			path = ViewModel;
			sourceTree = "<group>";
		};
		3C45A5282C1065D000F3A020 /* Views */ = {
			isa = PBXGroup;
			children = (
				3C45A5422C10741000F3A020 /* CustomButtonView.swift */,
				3C45A5442C107BDF00F3A020 /* CustomImageView.swift */,
				3C45A54A2C1087AA00F3A020 /* CustomVerseView.swift */,
				3CBE08012C1C95780065F3A7 /* UserListView.swift */,
				3CBE08032C1C96140065F3A7 /* UserDetailView.swift */,
			);
			path = Views;
			sourceTree = "<group>";
		};
		3C45A5292C1065D900F3A020 /* Other */ = {
			isa = PBXGroup;
			children = (
				3C45A5172C10605200F3A020 /* Hanmaum_1to1App.swift */,
				3C45A51B2C10605400F3A020 /* Assets.xcassets */,
			);
			path = Other;
			sourceTree = "<group>";
		};
/* End PBXGroup section */

/* Begin PBXNativeTarget section */
		3C45A5132C10605200F3A020 /* Hanmaum_1to1 */ = {
			isa = PBXNativeTarget;
			buildConfigurationList = 3C45A5222C10605400F3A020 /* Build configuration list for PBXNativeTarget "Hanmaum_1to1" */;
			buildPhases = (
				3C45A5102C10605200F3A020 /* Sources */,
				3C45A5112C10605200F3A020 /* Frameworks */,
				3C45A5122C10605200F3A020 /* Resources */,
			);
			buildRules = (
			);
			dependencies = (
			);
			name = Hanmaum_1to1;
			productName = Hanmaum_1to1;
			productReference = 3C45A5142C10605200F3A020 /* Hanmaum_1to1.app */;
			productType = "com.apple.product-type.application";
		};
/* End PBXNativeTarget section */

/* Begin PBXProject section */
		3C45A50C2C10605200F3A020 /* Project object */ = {
			isa = PBXProject;
			attributes = {
				BuildIndependentTargetsInParallel = 1;
				LastSwiftUpdateCheck = 1530;
				LastUpgradeCheck = 1530;
				TargetAttributes = {
					3C45A5132C10605200F3A020 = {
						CreatedOnToolsVersion = 15.3;
					};
				};
			};
			buildConfigurationList = 3C45A50F2C10605200F3A020 /* Build configuration list for PBXProject "Hanmaum_1to1" */;
			compatibilityVersion = "Xcode 14.0";
			developmentRegion = en;
			hasScannedForEncodings = 0;
			knownRegions = (
				en,
				Base,
			);
			mainGroup = 3C45A50B2C10605200F3A020;
			productRefGroup = 3C45A5152C10605200F3A020 /* Products */;
			projectDirPath = "";
			projectRoot = "";
			targets = (
				3C45A5132C10605200F3A020 /* Hanmaum_1to1 */,
			);
		};
/* End PBXProject section */

/* Begin PBXResourcesBuildPhase section */
		3C45A5122C10605200F3A020 /* Resources */ = {
			isa = PBXResourcesBuildPhase;
			buildActionMask = 2147483647;
			files = (
				3C45A51F2C10605400F3A020 /* Preview Assets.xcassets in Resources */,
				3C45A51C2C10605400F3A020 /* Assets.xcassets in Resources */,
			);
			runOnlyForDeploymentPostprocessing = 0;
		};
/* End PBXResourcesBuildPhase section */

/* Begin PBXSourcesBuildPhase section */
		3C45A5102C10605200F3A020 /* Sources */ = {
			isa = PBXSourcesBuildPhase;
			buildActionMask = 2147483647;
			files = (
				3C4E9E1A2C15D8C600957D37 /* Belong.swift in Sources */,
				3C45A54B2C1087AA00F3A020 /* CustomVerseView.swift in Sources */,
				3CBE08022C1C95780065F3A7 /* UserListView.swift in Sources */,
				3C45A5472C1082E100F3A020 /* KeyViewViewModel.swift in Sources */,
				3C45A5432C10741000F3A020 /* CustomButtonView.swift in Sources */,
				3C45A53B2C106E5600F3A020 /* KeyView.swift in Sources */,
				3CBE08082C1C99CF0065F3A7 /* UserTableView.swift in Sources */,
				3C45A53D2C10700100F3A020 /* MainViewViewModel.swift in Sources */,
				3C45A5372C106BAF00F3A020 /* CompanionView.swift in Sources */,
				3CBE08042C1C96140065F3A7 /* UserDetailView.swift in Sources */,
				3C45A52D2C106A8800F3A020 /* MainView.swift in Sources */,
				3CBE080A2C1C9B590065F3A7 /* UserCard.swift in Sources */,
				3C45A5352C106B6000F3A020 /* VerseView.swift in Sources */,
				3C45A53F2C10706300F3A020 /* LoginViewViewModel.swift in Sources */,
				3C45A5182C10605200F3A020 /* Hanmaum_1to1App.swift in Sources */,
				3C45A5452C107BDF00F3A020 /* CustomImageView.swift in Sources */,
				3C45A5312C106AD200F3A020 /* HomeView.swift in Sources */,
				3C45A52F2C106AB400F3A020 /* LoginView.swift in Sources */,
				3C45A5392C106BEA00F3A020 /* YangyukView.swift in Sources */,
				3CBE08062C1C97C70065F3A7 /* Playlist.swift in Sources */,
				3C45A5412C10707500F3A020 /* ProfileViewViewModel.swift in Sources */,
				3C45A5332C106B4900F3A020 /* ProfileView.swift in Sources */,
				3C45A52B2C10665700F3A020 /* User.swift in Sources */,
			);
			runOnlyForDeploymentPostprocessing = 0;
		};
/* End PBXSourcesBuildPhase section */

/* Begin XCBuildConfiguration section */
		3C45A5202C10605400F3A020 /* Debug */ = {
			isa = XCBuildConfiguration;
			buildSettings = {
				ALWAYS_SEARCH_USER_PATHS = NO;
				ASSETCATALOG_COMPILER_GENERATE_SWIFT_ASSET_SYMBOL_EXTENSIONS = YES;
				CLANG_ANALYZER_NONNULL = YES;
				CLANG_ANALYZER_NUMBER_OBJECT_CONVERSION = YES_AGGRESSIVE;
				CLANG_CXX_LANGUAGE_STANDARD = "gnu++20";
				CLANG_ENABLE_MODULES = YES;
				CLANG_ENABLE_OBJC_ARC = YES;
				CLANG_ENABLE_OBJC_WEAK = YES;
				CLANG_WARN_BLOCK_CAPTURE_AUTORELEASING = YES;
				CLANG_WARN_BOOL_CONVERSION = YES;
				CLANG_WARN_COMMA = YES;
				CLANG_WARN_CONSTANT_CONVERSION = YES;
				CLANG_WARN_DEPRECATED_OBJC_IMPLEMENTATIONS = YES;
				CLANG_WARN_DIRECT_OBJC_ISA_USAGE = YES_ERROR;
				CLANG_WARN_DOCUMENTATION_COMMENTS = YES;
				CLANG_WARN_EMPTY_BODY = YES;
				CLANG_WARN_ENUM_CONVERSION = YES;
				CLANG_WARN_INFINITE_RECURSION = YES;
				CLANG_WARN_INT_CONVERSION = YES;
				CLANG_WARN_NON_LITERAL_NULL_CONVERSION = YES;
				CLANG_WARN_OBJC_IMPLICIT_RETAIN_SELF = YES;
				CLANG_WARN_OBJC_LITERAL_CONVERSION = YES;
				CLANG_WARN_OBJC_ROOT_CLASS = YES_ERROR;
				CLANG_WARN_QUOTED_INCLUDE_IN_FRAMEWORK_HEADER = YES;
				CLANG_WARN_RANGE_LOOP_ANALYSIS = YES;
				CLANG_WARN_STRICT_PROTOTYPES = YES;
				CLANG_WARN_SUSPICIOUS_MOVE = YES;
				CLANG_WARN_UNGUARDED_AVAILABILITY = YES_AGGRESSIVE;
				CLANG_WARN_UNREACHABLE_CODE = YES;
				CLANG_WARN__DUPLICATE_METHOD_MATCH = YES;
				COPY_PHASE_STRIP = NO;
				DEBUG_INFORMATION_FORMAT = dwarf;
				ENABLE_STRICT_OBJC_MSGSEND = YES;
				ENABLE_TESTABILITY = YES;
				ENABLE_USER_SCRIPT_SANDBOXING = YES;
				GCC_C_LANGUAGE_STANDARD = gnu17;
				GCC_DYNAMIC_NO_PIC = NO;
				GCC_NO_COMMON_BLOCKS = YES;
				GCC_OPTIMIZATION_LEVEL = 0;
				GCC_PREPROCESSOR_DEFINITIONS = (
					"DEBUG=1",
					"$(inherited)",
				);
				GCC_WARN_64_TO_32_BIT_CONVERSION = YES;
				GCC_WARN_ABOUT_RETURN_TYPE = YES_ERROR;
				GCC_WARN_UNDECLARED_SELECTOR = YES;
				GCC_WARN_UNINITIALIZED_AUTOS = YES_AGGRESSIVE;
				GCC_WARN_UNUSED_FUNCTION = YES;
				GCC_WARN_UNUSED_VARIABLE = YES;
				IPHONEOS_DEPLOYMENT_TARGET = 17.4;
				LOCALIZATION_PREFERS_STRING_CATALOGS = YES;
				MTL_ENABLE_DEBUG_INFO = INCLUDE_SOURCE;
				MTL_FAST_MATH = YES;
				ONLY_ACTIVE_ARCH = YES;
				SDKROOT = iphoneos;
				SWIFT_ACTIVE_COMPILATION_CONDITIONS = "DEBUG $(inherited)";
				SWIFT_OPTIMIZATION_LEVEL = "-Onone";
			};
			name = Debug;
		};
		3C45A5212C10605400F3A020 /* Release */ = {
			isa = XCBuildConfiguration;
			buildSettings = {
				ALWAYS_SEARCH_USER_PATHS = NO;
				ASSETCATALOG_COMPILER_GENERATE_SWIFT_ASSET_SYMBOL_EXTENSIONS = YES;
				CLANG_ANALYZER_NONNULL = YES;
				CLANG_ANALYZER_NUMBER_OBJECT_CONVERSION = YES_AGGRESSIVE;
				CLANG_CXX_LANGUAGE_STANDARD = "gnu++20";
				CLANG_ENABLE_MODULES = YES;
				CLANG_ENABLE_OBJC_ARC = YES;
				CLANG_ENABLE_OBJC_WEAK = YES;
				CLANG_WARN_BLOCK_CAPTURE_AUTORELEASING = YES;
				CLANG_WARN_BOOL_CONVERSION = YES;
				CLANG_WARN_COMMA = YES;
				CLANG_WARN_CONSTANT_CONVERSION = YES;
				CLANG_WARN_DEPRECATED_OBJC_IMPLEMENTATIONS = YES;
				CLANG_WARN_DIRECT_OBJC_ISA_USAGE = YES_ERROR;
				CLANG_WARN_DOCUMENTATION_COMMENTS = YES;
				CLANG_WARN_EMPTY_BODY = YES;
				CLANG_WARN_ENUM_CONVERSION = YES;
				CLANG_WARN_INFINITE_RECURSION = YES;
				CLANG_WARN_INT_CONVERSION = YES;
				CLANG_WARN_NON_LITERAL_NULL_CONVERSION = YES;
				CLANG_WARN_OBJC_IMPLICIT_RETAIN_SELF = YES;
				CLANG_WARN_OBJC_LITERAL_CONVERSION = YES;
				CLANG_WARN_OBJC_ROOT_CLASS = YES_ERROR;
				CLANG_WARN_QUOTED_INCLUDE_IN_FRAMEWORK_HEADER = YES;
				CLANG_WARN_RANGE_LOOP_ANALYSIS = YES;
				CLANG_WARN_STRICT_PROTOTYPES = YES;
				CLANG_WARN_SUSPICIOUS_MOVE = YES;
				CLANG_WARN_UNGUARDED_AVAILABILITY = YES_AGGRESSIVE;
				CLANG_WARN_UNREACHABLE_CODE = YES;
				CLANG_WARN__DUPLICATE_METHOD_MATCH = YES;
				COPY_PHASE_STRIP = NO;
				DEBUG_INFORMATION_FORMAT = "dwarf-with-dsym";
				ENABLE_NS_ASSERTIONS = NO;
				ENABLE_STRICT_OBJC_MSGSEND = YES;
				ENABLE_USER_SCRIPT_SANDBOXING = YES;
				GCC_C_LANGUAGE_STANDARD = gnu17;
				GCC_NO_COMMON_BLOCKS = YES;
				GCC_WARN_64_TO_32_BIT_CONVERSION = YES;
				GCC_WARN_ABOUT_RETURN_TYPE = YES_ERROR;
				GCC_WARN_UNDECLARED_SELECTOR = YES;
				GCC_WARN_UNINITIALIZED_AUTOS = YES_AGGRESSIVE;
				GCC_WARN_UNUSED_FUNCTION = YES;
				GCC_WARN_UNUSED_VARIABLE = YES;
				IPHONEOS_DEPLOYMENT_TARGET = 17.4;
				LOCALIZATION_PREFERS_STRING_CATALOGS = YES;
				MTL_ENABLE_DEBUG_INFO = NO;
				MTL_FAST_MATH = YES;
				SDKROOT = iphoneos;
				SWIFT_COMPILATION_MODE = wholemodule;
				VALIDATE_PRODUCT = YES;
			};
			name = Release;
		};
		3C45A5232C10605400F3A020 /* Debug */ = {
			isa = XCBuildConfiguration;
			buildSettings = {
				ASSETCATALOG_COMPILER_APPICON_NAME = AppIcon;
				ASSETCATALOG_COMPILER_GLOBAL_ACCENT_COLOR_NAME = AccentColor;
				CODE_SIGN_STYLE = Automatic;
				CURRENT_PROJECT_VERSION = 1;
				DEVELOPMENT_ASSET_PATHS = "\"Hanmaum_1to1/Preview Content\"";
				ENABLE_PREVIEWS = YES;
				GENERATE_INFOPLIST_FILE = YES;
				INFOPLIST_KEY_UIApplicationSceneManifest_Generation = YES;
				INFOPLIST_KEY_UIApplicationSupportsIndirectInputEvents = YES;
				INFOPLIST_KEY_UILaunchScreen_Generation = YES;
				INFOPLIST_KEY_UISupportedInterfaceOrientations = "UIInterfaceOrientationLandscapeLeft UIInterfaceOrientationLandscapeRight UIInterfaceOrientationPortrait";
				INFOPLIST_KEY_UISupportedInterfaceOrientations_iPad = "UIInterfaceOrientationLandscapeLeft UIInterfaceOrientationLandscapeRight UIInterfaceOrientationPortrait UIInterfaceOrientationPortraitUpsideDown";
				LD_RUNPATH_SEARCH_PATHS = (
					"$(inherited)",
					"@executable_path/Frameworks",
				);
				MARKETING_VERSION = 1.0;
				PRODUCT_BUNDLE_IDENTIFIER = "com.jin.Hanmaum-1to1";
				PRODUCT_NAME = "$(TARGET_NAME)";
				SWIFT_EMIT_LOC_STRINGS = YES;
				SWIFT_VERSION = 5.0;
				TARGETED_DEVICE_FAMILY = "1,2";
			};
			name = Debug;
		};
		3C45A5242C10605400F3A020 /* Release */ = {
			isa = XCBuildConfiguration;
			buildSettings = {
				ASSETCATALOG_COMPILER_APPICON_NAME = AppIcon;
				ASSETCATALOG_COMPILER_GLOBAL_ACCENT_COLOR_NAME = AccentColor;
				CODE_SIGN_STYLE = Automatic;
				CURRENT_PROJECT_VERSION = 1;
				DEVELOPMENT_ASSET_PATHS = "\"Hanmaum_1to1/Preview Content\"";
				ENABLE_PREVIEWS = YES;
				GENERATE_INFOPLIST_FILE = YES;
				INFOPLIST_KEY_UIApplicationSceneManifest_Generation = YES;
				INFOPLIST_KEY_UIApplicationSupportsIndirectInputEvents = YES;
				INFOPLIST_KEY_UILaunchScreen_Generation = YES;
				INFOPLIST_KEY_UISupportedInterfaceOrientations = "UIInterfaceOrientationLandscapeLeft UIInterfaceOrientationLandscapeRight UIInterfaceOrientationPortrait";
				INFOPLIST_KEY_UISupportedInterfaceOrientations_iPad = "UIInterfaceOrientationLandscapeLeft UIInterfaceOrientationLandscapeRight UIInterfaceOrientationPortrait UIInterfaceOrientationPortraitUpsideDown";
				LD_RUNPATH_SEARCH_PATHS = (
					"$(inherited)",
					"@executable_path/Frameworks",
				);
				MARKETING_VERSION = 1.0;
				PRODUCT_BUNDLE_IDENTIFIER = "com.jin.Hanmaum-1to1";
				PRODUCT_NAME = "$(TARGET_NAME)";
				SWIFT_EMIT_LOC_STRINGS = YES;
				SWIFT_VERSION = 5.0;
				TARGETED_DEVICE_FAMILY = "1,2";
			};
			name = Release;
		};
/* End XCBuildConfiguration section */

/* Begin XCConfigurationList section */
		3C45A50F2C10605200F3A020 /* Build configuration list for PBXProject "Hanmaum_1to1" */ = {
			isa = XCConfigurationList;
			buildConfigurations = (
				3C45A5202C10605400F3A020 /* Debug */,
				3C45A5212C10605400F3A020 /* Release */,
			);
			defaultConfigurationIsVisible = 0;
			defaultConfigurationName = Release;
		};
		3C45A5222C10605400F3A020 /* Build configuration list for PBXNativeTarget "Hanmaum_1to1" */ = {
			isa = XCConfigurationList;
			buildConfigurations = (
				3C45A5232C10605400F3A020 /* Debug */,
				3C45A5242C10605400F3A020 /* Release */,
			);
			defaultConfigurationIsVisible = 0;
			defaultConfigurationName = Release;
		};
/* End XCConfigurationList section */
	};
	rootObject = 3C45A50C2C10605200F3A020 /* Project object */;
}
